// !$*UTF8*$!
{
	archiveVersion = 1;
	classes = {
	};
	objectVersion = 46;
	objects = {

/* Begin PBXBuildFile section */
		8534D0491A9B1A61007B8BEA /* TableViewController.swift in Sources */ = {isa = PBXBuildFile; fileRef = 8534D0481A9B1A61007B8BEA /* TableViewController.swift */; };
		8548571C1B41F7A200BB1C66 /* ios in Resources */ = {isa = PBXBuildFile; fileRef = 8548571B1B41F7A200BB1C66 /* ios */; };
		85A09E911A98C7F9000C9EC3 /* AppDelegate.swift in Sources */ = {isa = PBXBuildFile; fileRef = 85A09E901A98C7F9000C9EC3 /* AppDelegate.swift */; };
		85A09E931A98C7F9000C9EC3 /* ViewController.swift in Sources */ = {isa = PBXBuildFile; fileRef = 85A09E921A98C7F9000C9EC3 /* ViewController.swift */; };
		85A09E961A98C7F9000C9EC3 /* Main.storyboard in Resources */ = {isa = PBXBuildFile; fileRef = 85A09E941A98C7F9000C9EC3 /* Main.storyboard */; };
		85A09E981A98C7F9000C9EC3 /* Images.xcassets in Resources */ = {isa = PBXBuildFile; fileRef = 85A09E971A98C7F9000C9EC3 /* Images.xcassets */; };
		85A09E9B1A98C7F9000C9EC3 /* LaunchScreen.xib in Resources */ = {isa = PBXBuildFile; fileRef = 85A09E991A98C7F9000C9EC3 /* LaunchScreen.xib */; };
		85A09EA71A98C7F9000C9EC3 /* My_MoneyTests.swift in Sources */ = {isa = PBXBuildFile; fileRef = 85A09EA61A98C7F9000C9EC3 /* My_MoneyTests.swift */; };
		85E0B2101AA4BC8C00A7948E /* TransitionManager.swift in Sources */ = {isa = PBXBuildFile; fileRef = 85E0B20F1AA4BC8C00A7948E /* TransitionManager.swift */; };
/* End PBXBuildFile section */

/* Begin PBXContainerItemProxy section */
		85A09EA11A98C7F9000C9EC3 /* PBXContainerItemProxy */ = {
			isa = PBXContainerItemProxy;
			containerPortal = 85A09E831A98C7F9000C9EC3 /* Project object */;
			proxyType = 1;
			remoteGlobalIDString = 85A09E8A1A98C7F9000C9EC3;
			remoteInfo = "My Money";
		};
/* End PBXContainerItemProxy section */

/* Begin PBXCopyFilesBuildPhase section */
		85DF7A721B540D1A00C5E42B /* Embed App Extensions */ = {
			isa = PBXCopyFilesBuildPhase;
			buildActionMask = 2147483647;
			dstPath = "";
			dstSubfolderSpec = 13;
			files = (
			);
			name = "Embed App Extensions";
			runOnlyForDeploymentPostprocessing = 0;
		};
/* End PBXCopyFilesBuildPhase section */

/* Begin PBXFileReference section */
		8534D0481A9B1A61007B8BEA /* TableViewController.swift */ = {isa = PBXFileReference; fileEncoding = 4; lastKnownFileType = sourcecode.swift; path = TableViewController.swift; sourceTree = "<group>"; };
		8548571B1B41F7A200BB1C66 /* ios */ = {isa = PBXFileReference; lastKnownFileType = folder; path = ios; sourceTree = "<group>"; };
		85A09E8B1A98C7F9000C9EC3 /* My Money.app */ = {isa = PBXFileReference; explicitFileType = wrapper.application; includeInIndex = 0; path = "My Money.app"; sourceTree = BUILT_PRODUCTS_DIR; };
		85A09E8F1A98C7F9000C9EC3 /* Info.plist */ = {isa = PBXFileReference; lastKnownFileType = text.plist.xml; path = Info.plist; sourceTree = "<group>"; };
		85A09E901A98C7F9000C9EC3 /* AppDelegate.swift */ = {isa = PBXFileReference; lastKnownFileType = sourcecode.swift; path = AppDelegate.swift; sourceTree = "<group>"; };
		85A09E921A98C7F9000C9EC3 /* ViewController.swift */ = {isa = PBXFileReference; lastKnownFileType = sourcecode.swift; path = ViewController.swift; sourceTree = "<group>"; };
		85A09E951A98C7F9000C9EC3 /* Base */ = {isa = PBXFileReference; lastKnownFileType = file.storyboard; name = Base; path = Base.lproj/Main.storyboard; sourceTree = "<group>"; };
		85A09E971A98C7F9000C9EC3 /* Images.xcassets */ = {isa = PBXFileReference; lastKnownFileType = folder.assetcatalog; path = Images.xcassets; sourceTree = "<group>"; };
		85A09E9A1A98C7F9000C9EC3 /* Base */ = {isa = PBXFileReference; lastKnownFileType = file.xib; name = Base; path = Base.lproj/LaunchScreen.xib; sourceTree = "<group>"; };
		85A09EA01A98C7F9000C9EC3 /* My MoneyTests.xctest */ = {isa = PBXFileReference; explicitFileType = wrapper.cfbundle; includeInIndex = 0; path = "My MoneyTests.xctest"; sourceTree = BUILT_PRODUCTS_DIR; };
		85A09EA51A98C7F9000C9EC3 /* Info.plist */ = {isa = PBXFileReference; lastKnownFileType = text.plist.xml; path = Info.plist; sourceTree = "<group>"; };
		85A09EA61A98C7F9000C9EC3 /* My_MoneyTests.swift */ = {isa = PBXFileReference; lastKnownFileType = sourcecode.swift; path = My_MoneyTests.swift; sourceTree = "<group>"; };
		85E0B20F1AA4BC8C00A7948E /* TransitionManager.swift */ = {isa = PBXFileReference; fileEncoding = 4; lastKnownFileType = sourcecode.swift; path = TransitionManager.swift; sourceTree = "<group>"; };
/* End PBXFileReference section */

/* Begin PBXFrameworksBuildPhase section */
		85A09E881A98C7F9000C9EC3 /* Frameworks */ = {
			isa = PBXFrameworksBuildPhase;
			buildActionMask = 2147483647;
			files = (
			);
			runOnlyForDeploymentPostprocessing = 0;
		};
		85A09E9D1A98C7F9000C9EC3 /* Frameworks */ = {
			isa = PBXFrameworksBuildPhase;
			buildActionMask = 2147483647;
			files = (
			);
			runOnlyForDeploymentPostprocessing = 0;
		};
/* End PBXFrameworksBuildPhase section */

/* Begin PBXGroup section */
		85A09E821A98C7F9000C9EC3 = {
			isa = PBXGroup;
			children = (
				85A09E8D1A98C7F9000C9EC3 /* My Money */,
				85A09EA31A98C7F9000C9EC3 /* My MoneyTests */,
				85A09E8C1A98C7F9000C9EC3 /* Products */,
			);
			sourceTree = "<group>";
		};
		85A09E8C1A98C7F9000C9EC3 /* Products */ = {
			isa = PBXGroup;
			children = (
				85A09E8B1A98C7F9000C9EC3 /* My Money.app */,
				85A09EA01A98C7F9000C9EC3 /* My MoneyTests.xctest */,
			);
			name = Products;
			sourceTree = "<group>";
		};
		85A09E8D1A98C7F9000C9EC3 /* My Money */ = {
			isa = PBXGroup;
			children = (
				85A09E901A98C7F9000C9EC3 /* AppDelegate.swift */,
				85A09E921A98C7F9000C9EC3 /* ViewController.swift */,
				8534D0481A9B1A61007B8BEA /* TableViewController.swift */,
				85E0B20F1AA4BC8C00A7948E /* TransitionManager.swift */,
				85A09E941A98C7F9000C9EC3 /* Main.storyboard */,
				8548571B1B41F7A200BB1C66 /* ios */,
				85A09E971A98C7F9000C9EC3 /* Images.xcassets */,
				85A09E991A98C7F9000C9EC3 /* LaunchScreen.xib */,
				85A09E8E1A98C7F9000C9EC3 /* Supporting Files */,
			);
			path = "My Money";
			sourceTree = "<group>";
		};
		85A09E8E1A98C7F9000C9EC3 /* Supporting Files */ = {
			isa = PBXGroup;
			children = (
				85A09E8F1A98C7F9000C9EC3 /* Info.plist */,
			);
			name = "Supporting Files";
			sourceTree = "<group>";
		};
		85A09EA31A98C7F9000C9EC3 /* My MoneyTests */ = {
			isa = PBXGroup;
			children = (
				85A09EA61A98C7F9000C9EC3 /* My_MoneyTests.swift */,
				85A09EA41A98C7F9000C9EC3 /* Supporting Files */,
			);
			path = "My MoneyTests";
			sourceTree = "<group>";
		};
		85A09EA41A98C7F9000C9EC3 /* Supporting Files */ = {
			isa = PBXGroup;
			children = (
				85A09EA51A98C7F9000C9EC3 /* Info.plist */,
			);
			name = "Supporting Files";
			sourceTree = "<group>";
		};
/* End PBXGroup section */

/* Begin PBXNativeTarget section */
		85A09E8A1A98C7F9000C9EC3 /* My Money */ = {
			isa = PBXNativeTarget;
			buildConfigurationList = 85A09EAA1A98C7F9000C9EC3 /* Build configuration list for PBXNativeTarget "My Money" */;
			buildPhases = (
				85A09E871A98C7F9000C9EC3 /* Sources */,
				85A09E881A98C7F9000C9EC3 /* Frameworks */,
				85A09E891A98C7F9000C9EC3 /* Resources */,
				85DF7A721B540D1A00C5E42B /* Embed App Extensions */,
			);
			buildRules = (
			);
			dependencies = (
			);
			name = "My Money";
			productName = "My Money";
			productReference = 85A09E8B1A98C7F9000C9EC3 /* My Money.app */;
			productType = "com.apple.product-type.application";
		};
		85A09E9F1A98C7F9000C9EC3 /* My MoneyTests */ = {
			isa = PBXNativeTarget;
			buildConfigurationList = 85A09EAD1A98C7F9000C9EC3 /* Build configuration list for PBXNativeTarget "My MoneyTests" */;
			buildPhases = (
				85A09E9C1A98C7F9000C9EC3 /* Sources */,
				85A09E9D1A98C7F9000C9EC3 /* Frameworks */,
				85A09E9E1A98C7F9000C9EC3 /* Resources */,
			);
			buildRules = (
			);
			dependencies = (
				85A09EA21A98C7F9000C9EC3 /* PBXTargetDependency */,
			);
			name = "My MoneyTests";
			productName = "My MoneyTests";
			productReference = 85A09EA01A98C7F9000C9EC3 /* My MoneyTests.xctest */;
			productType = "com.apple.product-type.bundle.unit-test";
		};
/* End PBXNativeTarget section */

/* Begin PBXProject section */
		85A09E831A98C7F9000C9EC3 /* Project object */ = {
			isa = PBXProject;
			attributes = {
				LastSwiftUpdateCheck = 0700;
				LastUpgradeCheck = 0700;
				ORGANIZATIONNAME = "Adria  Munuera";
				TargetAttributes = {
					85A09E8A1A98C7F9000C9EC3 = {
						CreatedOnToolsVersion = 6.1;
						DevelopmentTeam = Y2HPAPH8NT;
					};
					85A09E9F1A98C7F9000C9EC3 = {
						CreatedOnToolsVersion = 6.1;
						TestTargetID = 85A09E8A1A98C7F9000C9EC3;
					};
				};
			};
			buildConfigurationList = 85A09E861A98C7F9000C9EC3 /* Build configuration list for PBXProject "My Money" */;
			compatibilityVersion = "Xcode 3.2";
			developmentRegion = English;
			hasScannedForEncodings = 0;
			knownRegions = (
				en,
				Base,
			);
			mainGroup = 85A09E821A98C7F9000C9EC3;
			productRefGroup = 85A09E8C1A98C7F9000C9EC3 /* Products */;
			projectDirPath = "";
			projectRoot = "";
			targets = (
				85A09E8A1A98C7F9000C9EC3 /* My Money */,
				85A09E9F1A98C7F9000C9EC3 /* My MoneyTests */,
			);
		};
/* End PBXProject section */

/* Begin PBXResourcesBuildPhase section */
		85A09E891A98C7F9000C9EC3 /* Resources */ = {
			isa = PBXResourcesBuildPhase;
			buildActionMask = 2147483647;
			files = (
				85A09E961A98C7F9000C9EC3 /* Main.storyboard in Resources */,
				85A09E9B1A98C7F9000C9EC3 /* LaunchScreen.xib in Resources */,
				8548571C1B41F7A200BB1C66 /* ios in Resources */,
				85A09E981A98C7F9000C9EC3 /* Images.xcassets in Resources */,
			);
			runOnlyForDeploymentPostprocessing = 0;
		};
		85A09E9E1A98C7F9000C9EC3 /* Resources */ = {
			isa = PBXResourcesBuildPhase;
			buildActionMask = 2147483647;
			files = (
			);
			runOnlyForDeploymentPostprocessing = 0;
		};
/* End PBXResourcesBuildPhase section */

/* Begin PBXSourcesBuildPhase section */
		85A09E871A98C7F9000C9EC3 /* Sources */ = {
			isa = PBXSourcesBuildPhase;
			buildActionMask = 2147483647;
			files = (
				85E0B2101AA4BC8C00A7948E /* TransitionManager.swift in Sources */,
				85A09E931A98C7F9000C9EC3 /* ViewController.swift in Sources */,
				8534D0491A9B1A61007B8BEA /* TableViewController.swift in Sources */,
				85A09E911A98C7F9000C9EC3 /* AppDelegate.swift in Sources */,
			);
			runOnlyForDeploymentPostprocessing = 0;
		};
		85A09E9C1A98C7F9000C9EC3 /* Sources */ = {
			isa = PBXSourcesBuildPhase;
			buildActionMask = 2147483647;
			files = (
				85A09EA71A98C7F9000C9EC3 /* My_MoneyTests.swift in Sources */,
			);
			runOnlyForDeploymentPostprocessing = 0;
		};
/* End PBXSourcesBuildPhase section */

/* Begin PBXTargetDependency section */
		85A09EA21A98C7F9000C9EC3 /* PBXTargetDependency */ = {
			isa = PBXTargetDependency;
			target = 85A09E8A1A98C7F9000C9EC3 /* My Money */;
			targetProxy = 85A09EA11A98C7F9000C9EC3 /* PBXContainerItemProxy */;
		};
/* End PBXTargetDependency section */

/* Begin PBXVariantGroup section */
		85A09E941A98C7F9000C9EC3 /* Main.storyboard */ = {
			isa = PBXVariantGroup;
			children = (
				85A09E951A98C7F9000C9EC3 /* Base */,
			);
			name = Main.storyboard;
			sourceTree = "<group>";
		};
		85A09E991A98C7F9000C9EC3 /* LaunchScreen.xib */ = {
			isa = PBXVariantGroup;
			children = (
				85A09E9A1A98C7F9000C9EC3 /* Base */,
			);
			name = LaunchScreen.xib;
			sourceTree = "<group>";
		};
/* End PBXVariantGroup section */

/* Begin XCBuildConfiguration section */
		85A09EA81A98C7F9000C9EC3 /* Debug */ = {
			isa = XCBuildConfiguration;
			buildSettings = {
				ALWAYS_SEARCH_USER_PATHS = NO;
				CLANG_CXX_LANGUAGE_STANDARD = "gnu++0x";
				CLANG_CXX_LIBRARY = "libc++";
				CLANG_ENABLE_MODULES = YES;
				CLANG_ENABLE_OBJC_ARC = YES;
				CLANG_WARN_BOOL_CONVERSION = YES;
				CLANG_WARN_CONSTANT_CONVERSION = YES;
				CLANG_WARN_DIRECT_OBJC_ISA_USAGE = YES_ERROR;
				CLANG_WARN_EMPTY_BODY = YES;
				CLANG_WARN_ENUM_CONVERSION = YES;
				CLANG_WARN_INT_CONVERSION = YES;
				CLANG_WARN_OBJC_ROOT_CLASS = YES_ERROR;
				CLANG_WARN_UNREACHABLE_CODE = YES;
				CLANG_WARN__DUPLICATE_METHOD_MATCH = YES;
				"CODE_SIGN_IDENTITY[sdk=iphoneos*]" = "iPhone Developer";
				COPY_PHASE_STRIP = NO;
				ENABLE_STRICT_OBJC_MSGSEND = YES;
				ENABLE_TESTABILITY = YES;
				GCC_C_LANGUAGE_STANDARD = gnu99;
				GCC_DYNAMIC_NO_PIC = NO;
				GCC_OPTIMIZATION_LEVEL = 0;
				GCC_PREPROCESSOR_DEFINITIONS = (
					"DEBUG=1",
					"$(inherited)",
				);
				GCC_SYMBOLS_PRIVATE_EXTERN = NO;
				GCC_WARN_64_TO_32_BIT_CONVERSION = YES;
				GCC_WARN_ABOUT_RETURN_TYPE = YES_ERROR;
				GCC_WARN_UNDECLARED_SELECTOR = YES;
				GCC_WARN_UNINITIALIZED_AUTOS = YES_AGGRESSIVE;
				GCC_WARN_UNUSED_FUNCTION = YES;
				GCC_WARN_UNUSED_VARIABLE = YES;
				IPHONEOS_DEPLOYMENT_TARGET = 8.1;
				MTL_ENABLE_DEBUG_INFO = YES;
				ONLY_ACTIVE_ARCH = YES;
				SDKROOT = iphoneos;
				SWIFT_OPTIMIZATION_LEVEL = "-Onone";
			};
			name = Debug;
		};
		85A09EA91A98C7F9000C9EC3 /* Release */ = {
			isa = XCBuildConfiguration;
			buildSettings = {
				ALWAYS_SEARCH_USER_PATHS = NO;
				CLANG_CXX_LANGUAGE_STANDARD = "gnu++0x";
				CLANG_CXX_LIBRARY = "libc++";
				CLANG_ENABLE_MODULES = YES;
				CLANG_ENABLE_OBJC_ARC = YES;
				CLANG_WARN_BOOL_CONVERSION = YES;
				CLANG_WARN_CONSTANT_CONVERSION = YES;
				CLANG_WARN_DIRECT_OBJC_ISA_USAGE = YES_ERROR;
				CLANG_WARN_EMPTY_BODY = YES;
				CLANG_WARN_ENUM_CONVERSION = YES;
				CLANG_WARN_INT_CONVERSION = YES;
				CLANG_WARN_OBJC_ROOT_CLASS = YES_ERROR;
				CLANG_WARN_UNREACHABLE_CODE = YES;
				CLANG_WARN__DUPLICATE_METHOD_MATCH = YES;
				"CODE_SIGN_IDENTITY[sdk=iphoneos*]" = "iPhone Developer";
				COPY_PHASE_STRIP = YES;
				ENABLE_NS_ASSERTIONS = NO;
				ENABLE_STRICT_OBJC_MSGSEND = YES;
				GCC_C_LANGUAGE_STANDARD = gnu99;
				GCC_WARN_64_TO_32_BIT_CONVERSION = YES;
				GCC_WARN_ABOUT_RETURN_TYPE = YES_ERROR;
				GCC_WARN_UNDECLARED_SELECTOR = YES;
				GCC_WARN_UNINITIALIZED_AUTOS = YES_AGGRESSIVE;
				GCC_WARN_UNUSED_FUNCTION = YES;
				GCC_WARN_UNUSED_VARIABLE = YES;
				IPHONEOS_DEPLOYMENT_TARGET = 8.1;
				MTL_ENABLE_DEBUG_INFO = NO;
				SDKROOT = iphoneos;
				VALIDATE_PRODUCT = YES;
			};
			name = Release;
		};
		85A09EAB1A98C7F9000C9EC3 /* Debug */ = {
			isa = XCBuildConfiguration;
			buildSettings = {
				ASSETCATALOG_COMPILER_APPICON_NAME = "AppIcon-4";
				ASSETCATALOG_COMPILER_LAUNCHIMAGE_NAME = LaunchImage;
				CODE_SIGN_IDENTITY = "iPhone Developer";
				"CODE_SIGN_IDENTITY[sdk=iphoneos*]" = "iPhone Developer";
				INFOPLIST_FILE = "My Money/Info.plist";
				LD_RUNPATH_SEARCH_PATHS = "$(inherited) @executable_path/Frameworks";
				PRODUCT_BUNDLE_IDENTIFIER = "adria.$(PRODUCT_NAME:rfc1034identifier)";
				PRODUCT_NAME = "$(TARGET_NAME)";
				PROVISIONING_PROFILE = "";
			};
			name = Debug;
		};
		85A09EAC1A98C7F9000C9EC3 /* Release */ = {
			isa = XCBuildConfiguration;
			buildSettings = {
				ASSETCATALOG_COMPILER_APPICON_NAME = "AppIcon-4";
				ASSETCATALOG_COMPILER_LAUNCHIMAGE_NAME = LaunchImage;
				CODE_SIGN_IDENTITY = "iPhone Developer";
				"CODE_SIGN_IDENTITY[sdk=iphoneos*]" = "iPhone Developer";
				INFOPLIST_FILE = "My Money/Info.plist";
				LD_RUNPATH_SEARCH_PATHS = "$(inherited) @executable_path/Frameworks";
				PRODUCT_BUNDLE_IDENTIFIER = "adria.$(PRODUCT_NAME:rfc1034identifier)";
				PRODUCT_NAME = "$(TARGET_NAME)";
				PROVISIONING_PROFILE = "";
			};
			name = Release;
		};
		85A09EAE1A98C7F9000C9EC3 /* Debug */ = {
			isa = XCBuildConfiguration;
			buildSettings = {
				BUNDLE_LOADER = "$(TEST_HOST)";
				FRAMEWORK_SEARCH_PATHS = (
					"$(SDKROOT)/Developer/Library/Frameworks",
					"$(inherited)",
				);
				GCC_PREPROCESSOR_DEFINITIONS = (
					"DEBUG=1",
					"$(inherited)",
				);
				INFOPLIST_FILE = "My MoneyTests/Info.plist";
				LD_RUNPATH_SEARCH_PATHS = "$(inherited) @executable_path/Frameworks @loader_path/Frameworks";
				PRODUCT_BUNDLE_IDENTIFIER = "adria.$(PRODUCT_NAME:rfc1034identifier)";
				PRODUCT_NAME = "$(TARGET_NAME)";
				TEST_HOST = "$(BUILT_PRODUCTS_DIR)/My Money.app/My Money";
			};
			name = Debug;
		};
		85A09EAF1A98C7F9000C9EC3 /* Release */ = {
			isa = XCBuildConfiguration;
			buildSettings = {
				BUNDLE_LOADER = "$(TEST_HOST)";
				FRAMEWORK_SEARCH_PATHS = (
					"$(SDKROOT)/Developer/Library/Frameworks",
					"$(inherited)",
				);
				INFOPLIST_FILE = "My MoneyTests/Info.plist";
				LD_RUNPATH_SEARCH_PATHS = "$(inherited) @executable_path/Frameworks @loader_path/Frameworks";
				PRODUCT_BUNDLE_IDENTIFIER = "adria.$(PRODUCT_NAME:rfc1034identifier)";
				PRODUCT_NAME = "$(TARGET_NAME)";
				TEST_HOST = "$(BUILT_PRODUCTS_DIR)/My Money.app/My Money";
			};
			name = Release;
		};
/* End XCBuildConfiguration section */

/* Begin XCConfigurationList section */
		85A09E861A98C7F9000C9EC3 /* Build configuration list for PBXProject "My Money" */ = {
			isa = XCConfigurationList;
			buildConfigurations = (
				85A09EA81A98C7F9000C9EC3 /* Debug */,
				85A09EA91A98C7F9000C9EC3 /* Release */,
			);
			defaultConfigurationIsVisible = 0;
			defaultConfigurationName = Release;
		};
		85A09EAA1A98C7F9000C9EC3 /* Build configuration list for PBXNativeTarget "My Money" */ = {
			isa = XCConfigurationList;
			buildConfigurations = (
				85A09EAB1A98C7F9000C9EC3 /* Debug */,
				85A09EAC1A98C7F9000C9EC3 /* Release */,
			);
			defaultConfigurationIsVisible = 0;
			defaultConfigurationName = Release;
		};
		85A09EAD1A98C7F9000C9EC3 /* Build configuration list for PBXNativeTarget "My MoneyTests" */ = {
			isa = XCConfigurationList;
			buildConfigurations = (
				85A09EAE1A98C7F9000C9EC3 /* Debug */,
				85A09EAF1A98C7F9000C9EC3 /* Release */,
			);
			defaultConfigurationIsVisible = 0;
			defaultConfigurationName = Release;
		};
/* End XCConfigurationList section */
	};
	rootObject = 85A09E831A98C7F9000C9EC3 /* Project object */;
}
